
Microsoft Visual Studio Solution File, Format Version 12.00
# Visual Studio Version 17
VisualStudioVersion = 17.6.33829.357
MinimumVisualStudioVersion = 10.0.40219.1
Project("{2150E333-8FDC-42A3-9474-1A3956D46DE8}") = "src", "src", "{97BB71AB-5BCD-40B5-9D44-A50D041CD06C}"
EndProject
Project("{9A19103F-16F7-4668-BE54-9A1E7A4F7556}") = "FireInTheMole", "src\FireInTheMole\FireInTheMole.csproj", "{F4E1A26D-58F6-4E06-A035-0C00A254D32E}"
EndProject
Project("{6EC3EE1D-3C4E-46DD-8F32-0CC8E7565705}") = "FireInTheMole.Game", "src\FireInTheMole.Game\FireInTheMole.Game.fsproj", "{B9D2A6BF-08FC-4C2E-9970-CFFA4FD2DFEA}"
EndProject
Project("{2150E333-8FDC-42A3-9474-1A3956D46DE8}") = "docs", "docs", "{C248EC15-3A5E-4825-9F06-3B4B0BEE5693}"
	ProjectSection(SolutionItems) = preProject
		README.md = README.md
	EndProjectSection
EndProject
Project("{2150E333-8FDC-42A3-9474-1A3956D46DE8}") = "lib", "lib", "{FC01CD5E-C65E-4A82-B4B0-30213F306903}"
EndProject
Project("{9A19103F-16F7-4668-BE54-9A1E7A4F7556}") = "MonoGame.Extended", "lib\MonoGame.Extended\MonoGame.Extended\MonoGame.Extended.csproj", "{032EF495-D1BE-4762-B513-2C126C0A8B56}"
EndProject
Project("{9A19103F-16F7-4668-BE54-9A1E7A4F7556}") = "MonoGame.Extended.Animations", "lib\MonoGame.Extended\MonoGame.Extended.Animations\MonoGame.Extended.Animations.csproj", "{A6DC7A80-E5DE-4AC5-8D27-7AB50D8AA47E}"
EndProject
Project("{9A19103F-16F7-4668-BE54-9A1E7A4F7556}") = "MonoGame.Extended.Collisions", "lib\MonoGame.Extended\MonoGame.Extended.Collisions\MonoGame.Extended.Collisions.csproj", "{7EA5E79D-02EE-4830-8DDE-0CEFD7CD3C6A}"
EndProject
Project("{9A19103F-16F7-4668-BE54-9A1E7A4F7556}") = "MonoGame.Extended.Content.Pipeline", "lib\MonoGame.Extended\MonoGame.Extended.Content.Pipeline\MonoGame.Extended.Content.Pipeline.csproj", "{64416D33-4A0F-4D46-A9F2-FDACBFFD62CF}"
EndProject
Project("{9A19103F-16F7-4668-BE54-9A1E7A4F7556}") = "MonoGame.Extended.Entities", "lib\MonoGame.Extended\MonoGame.Extended.Entities\MonoGame.Extended.Entities.csproj", "{FA00EFB5-BD91-465D-8D27-52C09693FF7A}"
EndProject
Project("{9A19103F-16F7-4668-BE54-9A1E7A4F7556}") = "MonoGame.Extended.Graphics", "lib\MonoGame.Extended\MonoGame.Extended.Graphics\MonoGame.Extended.Graphics.csproj", "{09C4D67A-CAD2-4AC9-A70F-3CEAB685E16E}"
EndProject
Project("{9A19103F-16F7-4668-BE54-9A1E7A4F7556}") = "MonoGame.Extended.Gui", "lib\MonoGame.Extended\MonoGame.Extended.Gui\MonoGame.Extended.Gui.csproj", "{A8B7A9E0-A23C-4075-8F25-954ECCA555B1}"
EndProject
Project("{9A19103F-16F7-4668-BE54-9A1E7A4F7556}") = "MonoGame.Extended.Input", "lib\MonoGame.Extended\MonoGame.Extended.Input\MonoGame.Extended.Input.csproj", "{FA60C764-7C34-4E46-8320-D2AD8608D234}"
EndProject
Project("{9A19103F-16F7-4668-BE54-9A1E7A4F7556}") = "MonoGame.Extended.Particles", "lib\MonoGame.Extended\MonoGame.Extended.Particles\MonoGame.Extended.Particles.csproj", "{C63E15C7-1716-446F-B5EA-19DE30966A79}"
EndProject
Project("{9A19103F-16F7-4668-BE54-9A1E7A4F7556}") = "MonoGame.Extended.Tiled", "lib\MonoGame.Extended\MonoGame.Extended.Tiled\MonoGame.Extended.Tiled.csproj", "{5B3E373B-BC9A-4FC0-9FFD-4ED324F0A6B0}"
EndProject
Project("{9A19103F-16F7-4668-BE54-9A1E7A4F7556}") = "MonoGame.Extended.Tweening", "lib\MonoGame.Extended\MonoGame.Extended.Tweening\MonoGame.Extended.Tweening.csproj", "{E5E89C71-DC86-4964-8CC7-8E38F5DBCD1D}"
EndProject
Global
	GlobalSection(SolutionConfigurationPlatforms) = preSolution
		Debug|Any CPU = Debug|Any CPU
		Release|Any CPU = Release|Any CPU
	EndGlobalSection
	GlobalSection(ProjectConfigurationPlatforms) = postSolution
		{F4E1A26D-58F6-4E06-A035-0C00A254D32E}.Debug|Any CPU.ActiveCfg = Debug|Any CPU
		{F4E1A26D-58F6-4E06-A035-0C00A254D32E}.Debug|Any CPU.Build.0 = Debug|Any CPU
		{F4E1A26D-58F6-4E06-A035-0C00A254D32E}.Release|Any CPU.ActiveCfg = Release|Any CPU
		{F4E1A26D-58F6-4E06-A035-0C00A254D32E}.Release|Any CPU.Build.0 = Release|Any CPU
		{B9D2A6BF-08FC-4C2E-9970-CFFA4FD2DFEA}.Debug|Any CPU.ActiveCfg = Debug|Any CPU
		{B9D2A6BF-08FC-4C2E-9970-CFFA4FD2DFEA}.Debug|Any CPU.Build.0 = Debug|Any CPU
		{B9D2A6BF-08FC-4C2E-9970-CFFA4FD2DFEA}.Release|Any CPU.ActiveCfg = Release|Any CPU
		{B9D2A6BF-08FC-4C2E-9970-CFFA4FD2DFEA}.Release|Any CPU.Build.0 = Release|Any CPU
		{032EF495-D1BE-4762-B513-2C126C0A8B56}.Debug|Any CPU.ActiveCfg = Debug|Any CPU
		{032EF495-D1BE-4762-B513-2C126C0A8B56}.Debug|Any CPU.Build.0 = Debug|Any CPU
		{032EF495-D1BE-4762-B513-2C126C0A8B56}.Release|Any CPU.ActiveCfg = Release|Any CPU
		{032EF495-D1BE-4762-B513-2C126C0A8B56}.Release|Any CPU.Build.0 = Release|Any CPU
		{A6DC7A80-E5DE-4AC5-8D27-7AB50D8AA47E}.Debug|Any CPU.ActiveCfg = Debug|Any CPU
		{A6DC7A80-E5DE-4AC5-8D27-7AB50D8AA47E}.Debug|Any CPU.Build.0 = Debug|Any CPU
		{A6DC7A80-E5DE-4AC5-8D27-7AB50D8AA47E}.Release|Any CPU.ActiveCfg = Release|Any CPU
		{A6DC7A80-E5DE-4AC5-8D27-7AB50D8AA47E}.Release|Any CPU.Build.0 = Release|Any CPU
		{7EA5E79D-02EE-4830-8DDE-0CEFD7CD3C6A}.Debug|Any CPU.ActiveCfg = Debug|Any CPU
		{7EA5E79D-02EE-4830-8DDE-0CEFD7CD3C6A}.Debug|Any CPU.Build.0 = Debug|Any CPU
		{7EA5E79D-02EE-4830-8DDE-0CEFD7CD3C6A}.Release|Any CPU.ActiveCfg = Release|Any CPU
		{7EA5E79D-02EE-4830-8DDE-0CEFD7CD3C6A}.Release|Any CPU.Build.0 = Release|Any CPU
		{64416D33-4A0F-4D46-A9F2-FDACBFFD62CF}.Debug|Any CPU.ActiveCfg = Debug|Any CPU
		{64416D33-4A0F-4D46-A9F2-FDACBFFD62CF}.Debug|Any CPU.Build.0 = Debug|Any CPU
		{64416D33-4A0F-4D46-A9F2-FDACBFFD62CF}.Release|Any CPU.ActiveCfg = Release|Any CPU
		{64416D33-4A0F-4D46-A9F2-FDACBFFD62CF}.Release|Any CPU.Build.0 = Release|Any CPU
		{FA00EFB5-BD91-465D-8D27-52C09693FF7A}.Debug|Any CPU.ActiveCfg = Debug|Any CPU
		{FA00EFB5-BD91-465D-8D27-52C09693FF7A}.Debug|Any CPU.Build.0 = Debug|Any CPU
		{FA00EFB5-BD91-465D-8D27-52C09693FF7A}.Release|Any CPU.ActiveCfg = Release|Any CPU
		{FA00EFB5-BD91-465D-8D27-52C09693FF7A}.Release|Any CPU.Build.0 = Release|Any CPU
		{09C4D67A-CAD2-4AC9-A70F-3CEAB685E16E}.Debug|Any CPU.ActiveCfg = Debug|Any CPU
		{09C4D67A-CAD2-4AC9-A70F-3CEAB685E16E}.Debug|Any CPU.Build.0 = Debug|Any CPU
		{09C4D67A-CAD2-4AC9-A70F-3CEAB685E16E}.Release|Any CPU.ActiveCfg = Release|Any CPU
		{09C4D67A-CAD2-4AC9-A70F-3CEAB685E16E}.Release|Any CPU.Build.0 = Release|Any CPU
		{A8B7A9E0-A23C-4075-8F25-954ECCA555B1}.Debug|Any CPU.ActiveCfg = Debug|Any CPU
		{A8B7A9E0-A23C-4075-8F25-954ECCA555B1}.Debug|Any CPU.Build.0 = Debug|Any CPU
		{A8B7A9E0-A23C-4075-8F25-954ECCA555B1}.Release|Any CPU.ActiveCfg = Release|Any CPU
		{A8B7A9E0-A23C-4075-8F25-954ECCA555B1}.Release|Any CPU.Build.0 = Release|Any CPU
		{FA60C764-7C34-4E46-8320-D2AD8608D234}.Debug|Any CPU.ActiveCfg = Debug|Any CPU
		{FA60C764-7C34-4E46-8320-D2AD8608D234}.Debug|Any CPU.Build.0 = Debug|Any CPU
		{FA60C764-7C34-4E46-8320-D2AD8608D234}.Release|Any CPU.ActiveCfg = Release|Any CPU
		{FA60C764-7C34-4E46-8320-D2AD8608D234}.Release|Any CPU.Build.0 = Release|Any CPU
		{C63E15C7-1716-446F-B5EA-19DE30966A79}.Debug|Any CPU.ActiveCfg = Debug|Any CPU
		{C63E15C7-1716-446F-B5EA-19DE30966A79}.Debug|Any CPU.Build.0 = Debug|Any CPU
		{C63E15C7-1716-446F-B5EA-19DE30966A79}.Release|Any CPU.ActiveCfg = Release|Any CPU
		{C63E15C7-1716-446F-B5EA-19DE30966A79}.Release|Any CPU.Build.0 = Release|Any CPU
		{5B3E373B-BC9A-4FC0-9FFD-4ED324F0A6B0}.Debug|Any CPU.ActiveCfg = Debug|Any CPU
		{5B3E373B-BC9A-4FC0-9FFD-4ED324F0A6B0}.Debug|Any CPU.Build.0 = Debug|Any CPU
		{5B3E373B-BC9A-4FC0-9FFD-4ED324F0A6B0}.Release|Any CPU.ActiveCfg = Release|Any CPU
		{5B3E373B-BC9A-4FC0-9FFD-4ED324F0A6B0}.Release|Any CPU.Build.0 = Release|Any CPU
		{E5E89C71-DC86-4964-8CC7-8E38F5DBCD1D}.Debug|Any CPU.ActiveCfg = Debug|Any CPU
		{E5E89C71-DC86-4964-8CC7-8E38F5DBCD1D}.Debug|Any CPU.Build.0 = Debug|Any CPU
		{E5E89C71-DC86-4964-8CC7-8E38F5DBCD1D}.Release|Any CPU.ActiveCfg = Release|Any CPU
		{E5E89C71-DC86-4964-8CC7-8E38F5DBCD1D}.Release|Any CPU.Build.0 = Release|Any CPU
	EndGlobalSection
	GlobalSection(SolutionProperties) = preSolution
		HideSolutionNode = FALSE
	EndGlobalSection
	GlobalSection(NestedProjects) = preSolution
		{F4E1A26D-58F6-4E06-A035-0C00A254D32E} = {97BB71AB-5BCD-40B5-9D44-A50D041CD06C}
		{B9D2A6BF-08FC-4C2E-9970-CFFA4FD2DFEA} = {97BB71AB-5BCD-40B5-9D44-A50D041CD06C}
		{032EF495-D1BE-4762-B513-2C126C0A8B56} = {FC01CD5E-C65E-4A82-B4B0-30213F306903}
		{A6DC7A80-E5DE-4AC5-8D27-7AB50D8AA47E} = {FC01CD5E-C65E-4A82-B4B0-30213F306903}
		{7EA5E79D-02EE-4830-8DDE-0CEFD7CD3C6A} = {FC01CD5E-C65E-4A82-B4B0-30213F306903}
		{64416D33-4A0F-4D46-A9F2-FDACBFFD62CF} = {FC01CD5E-C65E-4A82-B4B0-30213F306903}
		{FA00EFB5-BD91-465D-8D27-52C09693FF7A} = {FC01CD5E-C65E-4A82-B4B0-30213F306903}
		{09C4D67A-CAD2-4AC9-A70F-3CEAB685E16E} = {FC01CD5E-C65E-4A82-B4B0-30213F306903}
		{A8B7A9E0-A23C-4075-8F25-954ECCA555B1} = {FC01CD5E-C65E-4A82-B4B0-30213F306903}
		{FA60C764-7C34-4E46-8320-D2AD8608D234} = {FC01CD5E-C65E-4A82-B4B0-30213F306903}
		{C63E15C7-1716-446F-B5EA-19DE30966A79} = {FC01CD5E-C65E-4A82-B4B0-30213F306903}
		{5B3E373B-BC9A-4FC0-9FFD-4ED324F0A6B0} = {FC01CD5E-C65E-4A82-B4B0-30213F306903}
		{E5E89C71-DC86-4964-8CC7-8E38F5DBCD1D} = {FC01CD5E-C65E-4A82-B4B0-30213F306903}
	EndGlobalSection
	GlobalSection(ExtensibilityGlobals) = postSolution
		SolutionGuid = {8B1F87FD-D69A-414B-83B9-5E538B03C10E}
	EndGlobalSection
EndGlobal
