
Microsoft Visual Studio Solution File, Format Version 12.00
# Visual Studio Version 17
VisualStudioVersion = 17.6.33829.357
MinimumVisualStudioVersion = 10.0.40219.1
Project("{2150E333-8FDC-42A3-9474-1A3956D46DE8}") = "src", "src", "{97BB71AB-5BCD-40B5-9D44-A50D041CD06C}"
EndProject
Project("{9A19103F-16F7-4668-BE54-9A1E7A4F7556}") = "FireInTheMole", "src\FireInTheMole\FireInTheMole.csproj", "{F4E1A26D-58F6-4E06-A035-0C00A254D32E}"
EndProject
Project("{6EC3EE1D-3C4E-46DD-8F32-0CC8E7565705}") = "FireInTheMole.Game", "src\FireInTheMole.Game\FireInTheMole.Game.fsproj", "{B9D2A6BF-08FC-4C2E-9970-CFFA4FD2DFEA}"
EndProject
Project("{2150E333-8FDC-42A3-9474-1A3956D46DE8}") = "docs", "docs", "{C248EC15-3A5E-4825-9F06-3B4B0BEE5693}"
	ProjectSection(SolutionItems) = preProject
		README.md = README.md
	EndProjectSection
EndProject
Project("{2150E333-8FDC-42A3-9474-1A3956D46DE8}") = "lib", "lib", "{FC01CD5E-C65E-4A82-B4B0-30213F306903}"
EndProject
Project("{9A19103F-16F7-4668-BE54-9A1E7A4F7556}") = "MonoGame.Extended", "lib\MonoGame.Extended\MonoGame.Extended\MonoGame.Extended.csproj", "{032EF495-D1BE-4762-B513-2C126C0A8B56}"
EndProject
Project("{9A19103F-16F7-4668-BE54-9A1E7A4F7556}") = "MonoGame.Extended.Content.Pipeline", "lib\MonoGame.Extended\MonoGame.Extended.Content.Pipeline\MonoGame.Extended.Content.Pipeline.csproj", "{64416D33-4A0F-4D46-A9F2-FDACBFFD62CF}"
EndProject
Project("{9A19103F-16F7-4668-BE54-9A1E7A4F7556}") = "MonoGame.Extended.Graphics", "lib\MonoGame.Extended\MonoGame.Extended.Graphics\MonoGame.Extended.Graphics.csproj", "{09C4D67A-CAD2-4AC9-A70F-3CEAB685E16E}"
EndProject
Project("{9A19103F-16F7-4668-BE54-9A1E7A4F7556}") = "MonoGame.Extended.Particles", "lib\MonoGame.Extended\MonoGame.Extended.Particles\MonoGame.Extended.Particles.csproj", "{C63E15C7-1716-446F-B5EA-19DE30966A79}"
EndProject
Project("{9A19103F-16F7-4668-BE54-9A1E7A4F7556}") = "MonoGame.Extended.Tiled", "lib\MonoGame.Extended\MonoGame.Extended.Tiled\MonoGame.Extended.Tiled.csproj", "{5B3E373B-BC9A-4FC0-9FFD-4ED324F0A6B0}"
EndProject
Project("{2150E333-8FDC-42A3-9474-1A3956D46DE8}") = "tools", "tools", "{9AC1B5A1-4192-4771-B6A7-3BE955ABAB92}"
EndProject
Project("{9A19103F-16F7-4668-BE54-9A1E7A4F7556}") = "MapViewer", "tools\MapViewer\MapViewer.csproj", "{0E13A9DD-9F87-4F80-8E50-98DA5BD64704}"
EndProject
Project("{9A19103F-16F7-4668-BE54-9A1E7A4F7556}") = "Floored", "tools\Floored\Floored.csproj", "{47CBA5D3-0A55-4EF6-B18E-651F20E09371}"
EndProject
Project("{9A19103F-16F7-4668-BE54-9A1E7A4F7556}") = "Collider", "tools\Collider\Collider.csproj", "{3C4BE1A8-8DAB-4CE5-839C-DC4A9437C6FB}"
EndProject
Project("{9A19103F-16F7-4668-BE54-9A1E7A4F7556}") = "Stantz", "tools\Stantz\Stantz.csproj", "{56B67DB6-7FD9-4620-B7B3-2E2A5E4ED99F}"
EndProject
Global
	GlobalSection(SolutionConfigurationPlatforms) = preSolution
		Debug|Any CPU = Debug|Any CPU
		Release|Any CPU = Release|Any CPU
	EndGlobalSection
	GlobalSection(ProjectConfigurationPlatforms) = postSolution
		{F4E1A26D-58F6-4E06-A035-0C00A254D32E}.Debug|Any CPU.ActiveCfg = Debug|Any CPU
		{F4E1A26D-58F6-4E06-A035-0C00A254D32E}.Debug|Any CPU.Build.0 = Debug|Any CPU
		{F4E1A26D-58F6-4E06-A035-0C00A254D32E}.Release|Any CPU.ActiveCfg = Release|Any CPU
		{F4E1A26D-58F6-4E06-A035-0C00A254D32E}.Release|Any CPU.Build.0 = Release|Any CPU
		{B9D2A6BF-08FC-4C2E-9970-CFFA4FD2DFEA}.Debug|Any CPU.ActiveCfg = Debug|Any CPU
		{B9D2A6BF-08FC-4C2E-9970-CFFA4FD2DFEA}.Debug|Any CPU.Build.0 = Debug|Any CPU
		{B9D2A6BF-08FC-4C2E-9970-CFFA4FD2DFEA}.Release|Any CPU.ActiveCfg = Release|Any CPU
		{B9D2A6BF-08FC-4C2E-9970-CFFA4FD2DFEA}.Release|Any CPU.Build.0 = Release|Any CPU
		{032EF495-D1BE-4762-B513-2C126C0A8B56}.Debug|Any CPU.ActiveCfg = Debug|Any CPU
		{032EF495-D1BE-4762-B513-2C126C0A8B56}.Debug|Any CPU.Build.0 = Debug|Any CPU
		{032EF495-D1BE-4762-B513-2C126C0A8B56}.Release|Any CPU.ActiveCfg = Release|Any CPU
		{032EF495-D1BE-4762-B513-2C126C0A8B56}.Release|Any CPU.Build.0 = Release|Any CPU
		{64416D33-4A0F-4D46-A9F2-FDACBFFD62CF}.Debug|Any CPU.ActiveCfg = Debug|Any CPU
		{64416D33-4A0F-4D46-A9F2-FDACBFFD62CF}.Debug|Any CPU.Build.0 = Debug|Any CPU
		{64416D33-4A0F-4D46-A9F2-FDACBFFD62CF}.Release|Any CPU.ActiveCfg = Release|Any CPU
		{64416D33-4A0F-4D46-A9F2-FDACBFFD62CF}.Release|Any CPU.Build.0 = Release|Any CPU
		{09C4D67A-CAD2-4AC9-A70F-3CEAB685E16E}.Debug|Any CPU.ActiveCfg = Debug|Any CPU
		{09C4D67A-CAD2-4AC9-A70F-3CEAB685E16E}.Debug|Any CPU.Build.0 = Debug|Any CPU
		{09C4D67A-CAD2-4AC9-A70F-3CEAB685E16E}.Release|Any CPU.ActiveCfg = Release|Any CPU
		{09C4D67A-CAD2-4AC9-A70F-3CEAB685E16E}.Release|Any CPU.Build.0 = Release|Any CPU
		{C63E15C7-1716-446F-B5EA-19DE30966A79}.Debug|Any CPU.ActiveCfg = Debug|Any CPU
		{C63E15C7-1716-446F-B5EA-19DE30966A79}.Debug|Any CPU.Build.0 = Debug|Any CPU
		{C63E15C7-1716-446F-B5EA-19DE30966A79}.Release|Any CPU.ActiveCfg = Release|Any CPU
		{C63E15C7-1716-446F-B5EA-19DE30966A79}.Release|Any CPU.Build.0 = Release|Any CPU
		{5B3E373B-BC9A-4FC0-9FFD-4ED324F0A6B0}.Debug|Any CPU.ActiveCfg = Debug|Any CPU
		{5B3E373B-BC9A-4FC0-9FFD-4ED324F0A6B0}.Debug|Any CPU.Build.0 = Debug|Any CPU
		{5B3E373B-BC9A-4FC0-9FFD-4ED324F0A6B0}.Release|Any CPU.ActiveCfg = Release|Any CPU
		{5B3E373B-BC9A-4FC0-9FFD-4ED324F0A6B0}.Release|Any CPU.Build.0 = Release|Any CPU
		{0E13A9DD-9F87-4F80-8E50-98DA5BD64704}.Debug|Any CPU.ActiveCfg = Debug|Any CPU
		{0E13A9DD-9F87-4F80-8E50-98DA5BD64704}.Debug|Any CPU.Build.0 = Debug|Any CPU
		{0E13A9DD-9F87-4F80-8E50-98DA5BD64704}.Release|Any CPU.ActiveCfg = Release|Any CPU
		{0E13A9DD-9F87-4F80-8E50-98DA5BD64704}.Release|Any CPU.Build.0 = Release|Any CPU
		{47CBA5D3-0A55-4EF6-B18E-651F20E09371}.Debug|Any CPU.ActiveCfg = Debug|Any CPU
		{47CBA5D3-0A55-4EF6-B18E-651F20E09371}.Debug|Any CPU.Build.0 = Debug|Any CPU
		{47CBA5D3-0A55-4EF6-B18E-651F20E09371}.Release|Any CPU.ActiveCfg = Release|Any CPU
		{47CBA5D3-0A55-4EF6-B18E-651F20E09371}.Release|Any CPU.Build.0 = Release|Any CPU
		{3C4BE1A8-8DAB-4CE5-839C-DC4A9437C6FB}.Debug|Any CPU.ActiveCfg = Debug|Any CPU
		{3C4BE1A8-8DAB-4CE5-839C-DC4A9437C6FB}.Debug|Any CPU.Build.0 = Debug|Any CPU
		{3C4BE1A8-8DAB-4CE5-839C-DC4A9437C6FB}.Release|Any CPU.ActiveCfg = Release|Any CPU
		{3C4BE1A8-8DAB-4CE5-839C-DC4A9437C6FB}.Release|Any CPU.Build.0 = Release|Any CPU
		{56B67DB6-7FD9-4620-B7B3-2E2A5E4ED99F}.Debug|Any CPU.ActiveCfg = Debug|Any CPU
		{56B67DB6-7FD9-4620-B7B3-2E2A5E4ED99F}.Debug|Any CPU.Build.0 = Debug|Any CPU
		{56B67DB6-7FD9-4620-B7B3-2E2A5E4ED99F}.Release|Any CPU.ActiveCfg = Release|Any CPU
		{56B67DB6-7FD9-4620-B7B3-2E2A5E4ED99F}.Release|Any CPU.Build.0 = Release|Any CPU
	EndGlobalSection
	GlobalSection(SolutionProperties) = preSolution
		HideSolutionNode = FALSE
	EndGlobalSection
	GlobalSection(NestedProjects) = preSolution
		{F4E1A26D-58F6-4E06-A035-0C00A254D32E} = {97BB71AB-5BCD-40B5-9D44-A50D041CD06C}
		{B9D2A6BF-08FC-4C2E-9970-CFFA4FD2DFEA} = {97BB71AB-5BCD-40B5-9D44-A50D041CD06C}
		{032EF495-D1BE-4762-B513-2C126C0A8B56} = {FC01CD5E-C65E-4A82-B4B0-30213F306903}
		{64416D33-4A0F-4D46-A9F2-FDACBFFD62CF} = {FC01CD5E-C65E-4A82-B4B0-30213F306903}
		{09C4D67A-CAD2-4AC9-A70F-3CEAB685E16E} = {FC01CD5E-C65E-4A82-B4B0-30213F306903}
		{C63E15C7-1716-446F-B5EA-19DE30966A79} = {FC01CD5E-C65E-4A82-B4B0-30213F306903}
		{5B3E373B-BC9A-4FC0-9FFD-4ED324F0A6B0} = {FC01CD5E-C65E-4A82-B4B0-30213F306903}
		{0E13A9DD-9F87-4F80-8E50-98DA5BD64704} = {9AC1B5A1-4192-4771-B6A7-3BE955ABAB92}
		{47CBA5D3-0A55-4EF6-B18E-651F20E09371} = {9AC1B5A1-4192-4771-B6A7-3BE955ABAB92}
		{3C4BE1A8-8DAB-4CE5-839C-DC4A9437C6FB} = {9AC1B5A1-4192-4771-B6A7-3BE955ABAB92}
		{56B67DB6-7FD9-4620-B7B3-2E2A5E4ED99F} = {9AC1B5A1-4192-4771-B6A7-3BE955ABAB92}
	EndGlobalSection
	GlobalSection(ExtensibilityGlobals) = postSolution
		SolutionGuid = {8B1F87FD-D69A-414B-83B9-5E538B03C10E}
	EndGlobalSection
EndGlobal
